
Microsoft Visual Studio Solution File, Format Version 12.00
# Visual Studio Version 17
VisualStudioVersion = 17.11.35312.102
MinimumVisualStudioVersion = 10.0.40219.1
Project("{FAE04EC0-301F-11D3-BF4B-00C04F79EFBC}") = "Sinema_Bufe_Satis", "Sinema_Bufe_Satis\Sinema_Bufe_Satis.csproj", "{6A3A20A4-35ED-43B1-9760-6659C9443DBD}"
EndProject
Global
	GlobalSection(SolutionConfigurationPlatforms) = preSolution
		Debug|Any CPU = Debug|Any CPU
		Release|Any CPU = Release|Any CPU
	EndGlobalSection
	GlobalSection(ProjectConfigurationPlatforms) = postSolution
		{6A3A20A4-35ED-43B1-9760-6659C9443DBD}.Debug|Any CPU.ActiveCfg = Debug|Any CPU
		{6A3A20A4-35ED-43B1-9760-6659C9443DBD}.Debug|Any CPU.Build.0 = Debug|Any CPU
		{6A3A20A4-35ED-43B1-9760-6659C9443DBD}.Release|Any CPU.ActiveCfg = Release|Any CPU
		{6A3A20A4-35ED-43B1-9760-6659C9443DBD}.Release|Any CPU.Build.0 = Release|Any CPU
	EndGlobalSection
	GlobalSection(SolutionProperties) = preSolution
		HideSolutionNode = FALSE
	EndGlobalSection
	GlobalSection(ExtensibilityGlobals) = postSolution
		SolutionGuid = {E9B4179F-EAE0-4714-AA69-C8187C5F652A}
	EndGlobalSection
EndGlobal
