
Microsoft Visual Studio Solution File, Format Version 12.00
# Visual Studio Version 17
VisualStudioVersion = 17.11.35312.102
MinimumVisualStudioVersion = 10.0.40219.1
Project("{FAE04EC0-301F-11D3-BF4B-00C04F79EFBC}") = "Ucus_Rezervasyon_Sistemi", "Ucus_Rezervasyon_Sistemi\Ucus_Rezervasyon_Sistemi.csproj", "{4ACB52B4-ACC2-4658-937B-536C449BC5CA}"
EndProject
Global
	GlobalSection(SolutionConfigurationPlatforms) = preSolution
		Debug|Any CPU = Debug|Any CPU
		Release|Any CPU = Release|Any CPU
	EndGlobalSection
	GlobalSection(ProjectConfigurationPlatforms) = postSolution
		{4ACB52B4-ACC2-4658-937B-536C449BC5CA}.Debug|Any CPU.ActiveCfg = Debug|Any CPU
		{4ACB52B4-ACC2-4658-937B-536C449BC5CA}.Debug|Any CPU.Build.0 = Debug|Any CPU
		{4ACB52B4-ACC2-4658-937B-536C449BC5CA}.Release|Any CPU.ActiveCfg = Release|Any CPU
		{4ACB52B4-ACC2-4658-937B-536C449BC5CA}.Release|Any CPU.Build.0 = Release|Any CPU
	EndGlobalSection
	GlobalSection(SolutionProperties) = preSolution
		HideSolutionNode = FALSE
	EndGlobalSection
	GlobalSection(ExtensibilityGlobals) = postSolution
		SolutionGuid = {A6231CEC-3BC8-47BA-B9A8-12B1AD10573B}
	EndGlobalSection
EndGlobal
