
Microsoft Visual Studio Solution File, Format Version 12.00
# Visual Studio Version 17
VisualStudioVersion = 17.11.35312.102
MinimumVisualStudioVersion = 10.0.40219.1
Project("{FAE04EC0-301F-11D3-BF4B-00C04F79EFBC}") = "OkulProjesi", "OkulProjesi\OkulProjesi.csproj", "{F376BA0F-9011-43C3-AB7A-B86C90DADFCC}"
EndProject
Global
	GlobalSection(SolutionConfigurationPlatforms) = preSolution
		Debug|Any CPU = Debug|Any CPU
		Release|Any CPU = Release|Any CPU
	EndGlobalSection
	GlobalSection(ProjectConfigurationPlatforms) = postSolution
		{F376BA0F-9011-43C3-AB7A-B86C90DADFCC}.Debug|Any CPU.ActiveCfg = Debug|Any CPU
		{F376BA0F-9011-43C3-AB7A-B86C90DADFCC}.Debug|Any CPU.Build.0 = Debug|Any CPU
		{F376BA0F-9011-43C3-AB7A-B86C90DADFCC}.Release|Any CPU.ActiveCfg = Release|Any CPU
		{F376BA0F-9011-43C3-AB7A-B86C90DADFCC}.Release|Any CPU.Build.0 = Release|Any CPU
	EndGlobalSection
	GlobalSection(SolutionProperties) = preSolution
		HideSolutionNode = FALSE
	EndGlobalSection
	GlobalSection(ExtensibilityGlobals) = postSolution
		SolutionGuid = {4A45924A-C41A-4E78-B472-49CCB99FD3A6}
	EndGlobalSection
EndGlobal
